
Microsoft Visual Studio Solution File, Format Version 11.00
# Visual C++ Express 2010
Project("{8BC9CEB8-8B4A-11D0-8D11-00A0C91BC942}") = "HolaMundo", "HolaMundo\HolaMundo.vcxproj", "{E89C3E41-7426-4677-A254-820D43942E80}"
EndProject
Global
	GlobalSection(SolutionConfigurationPlatforms) = preSolution
		Debug|Win32 = Debug|Win32
		Release|Win32 = Release|Win32
	EndGlobalSection
	GlobalSection(ProjectConfigurationPlatforms) = postSolution
		{E89C3E41-7426-4677-A254-820D43942E80}.Debug|Win32.ActiveCfg = Debug|Win32
		{E89C3E41-7426-4677-A254-820D43942E80}.Debug|Win32.Build.0 = Debug|Win32
		{E89C3E41-7426-4677-A254-820D43942E80}.Release|Win32.ActiveCfg = Release|Win32
		{E89C3E41-7426-4677-A254-820D43942E80}.Release|Win32.Build.0 = Release|Win32
	EndGlobalSection
	GlobalSection(SolutionProperties) = preSolution
		HideSolutionNode = FALSE
	EndGlobalSection
EndGlobal
